// !$*UTF8*$!
{
	archiveVersion = 1;
	classes = {
	};
	objectVersion = 77;
	objects = {

/* Begin PBXBuildFile section */
		037D4BC219EEF3987F784EA9 /* JellyfinScanner.swift in Sources */ = {isa = PBXBuildFile; fileRef = B6DED6638857FDEB168EF4B4 /* JellyfinScanner.swift */; };
		04BA3155D6E447E6A4A2AE1F /* BaiduPlaybackPipeline.swift in Sources */ = {isa = PBXBuildFile; fileRef = 04BA3154D6E447E6A4A2AE1F /* BaiduPlaybackPipeline.swift */; };
		04ED499CC4ACEE20B152BF0D /* WatchTimeRecord.swift in Sources */ = {isa = PBXBuildFile; fileRef = DBE08F57FFF5E11F21186B86 /* WatchTimeRecord.swift */; };
		050A9227B0F39B74A6E39511 /* PlaybackCore.swift in Sources */ = {isa = PBXBuildFile; fileRef = 28A7A274EF76D2F7C75182F1 /* PlaybackCore.swift */; };
		05221FE5DB9576FBFB376F40 /* WebDAVScanner.swift in Sources */ = {isa = PBXBuildFile; fileRef = 069B1DEB2C910AB7A425B502 /* WebDAVScanner.swift */; };
		05C6EBB6A6D6417E9125C842 /* MPVKit in Frameworks */ = {isa = PBXBuildFile; productRef = 05C6EBB7A6D6417E9125C842 /* MPVKit */; };
		05D2A882A6D7451C9125C842 /* MPVPlayerView.swift in Sources */ = {isa = PBXBuildFile; fileRef = 05D2A881A6D7451C9125C842 /* MPVPlayerView.swift */; };
		067133F6903E5DF91213B1FD /* VideoPlayerView.swift in Sources */ = {isa = PBXBuildFile; fileRef = F1FB5BCDB2CA8AB0514F0BD5 /* VideoPlayerView.swift */; };
		0CFE4CE41BFE9866EDD1AB1F /* MediaSource.swift in Sources */ = {isa = PBXBuildFile; fileRef = 21D8DACCF1CA2CB0EA9A6C9B /* MediaSource.swift */; };
		180B75B8BD0EEBFCFA438B36 /* ChannelEditorView.swift in Sources */ = {isa = PBXBuildFile; fileRef = 0D6FC2ACFEEF373A064F4711 /* ChannelEditorView.swift */; };
		1B493DFD5FEF613D309517FF /* PlaybackState.swift in Sources */ = {isa = PBXBuildFile; fileRef = AB2D060891B6C8B732A4CD86 /* PlaybackState.swift */; };
		2D51C2EDA0C664B4C26DF186 /* SettingsView.swift in Sources */ = {isa = PBXBuildFile; fileRef = 22059F8015D99ECD0285091B /* SettingsView.swift */; };
		41EAF0204740719F0FB49118 /* Secrets.swift in Sources */ = {isa = PBXBuildFile; fileRef = 85A5A2608F08D3831F53B16E /* Secrets.swift */; };
		47508EF9A767E2FDADA99812 /* HTTPClient.swift in Sources */ = {isa = PBXBuildFile; fileRef = 3A4C42E7FE3AEA7CBA828E6C /* HTTPClient.swift */; };
		4B377BE9BD8CC74F22992F91 /* Video.swift in Sources */ = {isa = PBXBuildFile; fileRef = C66279D007D56778117ACD2A /* Video.swift */; };
		4B9F41870B91F9E926AB73AB /* SMBScanner.swift in Sources */ = {isa = PBXBuildFile; fileRef = 66B021F9CA36D6E2D62E30CE /* SMBScanner.swift */; };
		4C156BCF0FA4B731CFE3F0E0 /* ColorHex.swift in Sources */ = {isa = PBXBuildFile; fileRef = 2A44AD95AA4EF14716DDA799 /* ColorHex.swift */; };
		56700065B4305E0516C7009D /* BaiduFolderPickerView.swift in Sources */ = {isa = PBXBuildFile; fileRef = 94EF86CE2958E7982A7508C5 /* BaiduFolderPickerView.swift */; };
		5693381DA1546815F9E46E57 /* VideoListPanel.swift in Sources */ = {isa = PBXBuildFile; fileRef = 972942F9591126AFF2AC4028 /* VideoListPanel.swift */; };
		58B0D35A8779ADDD6A6FDF1A /* AliyunDriveScanner.swift in Sources */ = {isa = PBXBuildFile; fileRef = DAEE4337D857CFE00131ED5F /* AliyunDriveScanner.swift */; };
		634ED785B3E82D28F6D0DDC8 /* KidsView.swift in Sources */ = {isa = PBXBuildFile; fileRef = AE413789928BB4D8A1061EC3 /* KidsView.swift */; };
		71DB3B8EFC1434113E38244E /* ChannelsView.swift in Sources */ = {isa = PBXBuildFile; fileRef = 16FE76E0407CDCF21D812C6A /* ChannelsView.swift */; };
		75967F09DD518D66701CAA3A /* AddSourceView.swift in Sources */ = {isa = PBXBuildFile; fileRef = 63DC45EF849028E142590100 /* AddSourceView.swift */; };
		75CE5EBD16A0E829ACEA9F13 /* ScannerRegistry.swift in Sources */ = {isa = PBXBuildFile; fileRef = 02561301B311778CA7D9BFF8 /* ScannerRegistry.swift */; };
		75F95CDBC26C8A58BEC9B404 /* Pan115Scanner.swift in Sources */ = {isa = PBXBuildFile; fileRef = F57C9BF470503ABE9BD67785 /* Pan115Scanner.swift */; };
		7889379F02756410CBAECCD4 /* KeychainHelper.swift in Sources */ = {isa = PBXBuildFile; fileRef = 7BF24BF6F782346776953978 /* KeychainHelper.swift */; };
		7A9F5D16116752BFE958C881 /* OAuthManager.swift in Sources */ = {isa = PBXBuildFile; fileRef = E9C770B9232537802A59D91A /* OAuthManager.swift */; };
		7C96E43178F02A1A917C9612 /* BaiduPanScanner.swift in Sources */ = {isa = PBXBuildFile; fileRef = C7479FAC694E425E77283626 /* BaiduPanScanner.swift */; };
		7CFF14431556D68B12814243 /* SourceScanner.swift in Sources */ = {isa = PBXBuildFile; fileRef = 3DC19CB2BEAAF0EE1F14A026 /* SourceScanner.swift */; };
		7E1F1BA69E0D8F95EB7AF687 /* AdminRootView.swift in Sources */ = {isa = PBXBuildFile; fileRef = 3AB64AAB0DB6FC84C2C2F51B /* AdminRootView.swift */; };
		81CBAD75841D7B48071A7BBD /* Channel.swift in Sources */ = {isa = PBXBuildFile; fileRef = FD4E134B15DADC36142B245C /* Channel.swift */; };
		8A58FB8573519C3DEB82AA90 /* NumpadView.swift in Sources */ = {isa = PBXBuildFile; fileRef = 0DB5977497DBECF41918161E /* NumpadView.swift */; };
		91685FEECD47011AC62F9152 /* SourceDetailView.swift in Sources */ = {isa = PBXBuildFile; fileRef = 047726567AC061C8D96FD122 /* SourceDetailView.swift */; };
		984D5ADA0C309AFEF5C91E76 /* LocalStreamProxy.swift in Sources */ = {isa = PBXBuildFile; fileRef = 03F98A4D72D3EF4667B201B0 /* LocalStreamProxy.swift */; };
		98CDEB19B7EAA88FE328F4D0 /* LibraryView.swift in Sources */ = {isa = PBXBuildFile; fileRef = CF119A354598057AD869D1A5 /* LibraryView.swift */; };
		A7D9788C054BB74ADB2D1651 /* SourcesView.swift in Sources */ = {isa = PBXBuildFile; fileRef = 5150C872AED54742D89B120A /* SourcesView.swift */; };
		B3E475CE5BACFBC6C0BE7638 /* ChannelHUDView.swift in Sources */ = {isa = PBXBuildFile; fileRef = B9A750624BE64EE94DA88C0C /* ChannelHUDView.swift */; };
		C926C2E19861977E7C0072F1 /* LockScreenView.swift in Sources */ = {isa = PBXBuildFile; fileRef = FCDCB14FF749846971E69FD1 /* LockScreenView.swift */; };
		D10E14A205A9FEE009D53EA4 /* AppStore.swift in Sources */ = {isa = PBXBuildFile; fileRef = 1FC6DCC40C2494785495C0BD /* AppStore.swift */; };
		DA5B0F2D6DC7A995D3EC0777 /* KidsTVApp.swift in Sources */ = {isa = PBXBuildFile; fileRef = BF80F4BD8E7C3FBED69418BD /* KidsTVApp.swift */; };
		DB4E14E9511B2AFC8F140EFB /* AppStore+Persistence.swift in Sources */ = {isa = PBXBuildFile; fileRef = ED891EE5329FDF53BD0408FB /* AppStore+Persistence.swift */; };
		DCEA76943DA694372BC779B2 /* AppSettings.swift in Sources */ = {isa = PBXBuildFile; fileRef = 463BF61CFB40CC0BBE27823F /* AppSettings.swift */; };
		E7907B787FD923CFD6F8BFFF /* PINEntryView.swift in Sources */ = {isa = PBXBuildFile; fileRef = 5A260052D357C9FF5D1C41A6 /* PINEntryView.swift */; };
		ECCC000AD28C21A512CF448B /* ScannerError.swift in Sources */ = {isa = PBXBuildFile; fileRef = 12187516256C4E17A7491BA4 /* ScannerError.swift */; };
		EEBEDCC2BF75A9139293EF0A /* Localizable.xcstrings in Resources */ = {isa = PBXBuildFile; fileRef = 9120315D4472BB86D09C90D1 /* Localizable.xcstrings */; };
		F06EE9B081E9D2E6BEDEADC7 /* EmbyScanner.swift in Sources */ = {isa = PBXBuildFile; fileRef = 52F378F8B29F16DAE2ACBA8D /* EmbyScanner.swift */; };
/* End PBXBuildFile section */

/* Begin PBXFileReference section */
		02561301B311778CA7D9BFF8 /* ScannerRegistry.swift */ = {isa = PBXFileReference; lastKnownFileType = sourcecode.swift; path = ScannerRegistry.swift; sourceTree = "<group>"; };
		03F98A4D72D3EF4667B201B0 /* LocalStreamProxy.swift */ = {isa = PBXFileReference; lastKnownFileType = sourcecode.swift; path = LocalStreamProxy.swift; sourceTree = "<group>"; };
		04BA3154D6E447E6A4A2AE1F /* BaiduPlaybackPipeline.swift */ = {isa = PBXFileReference; lastKnownFileType = sourcecode.swift; path = BaiduPlaybackPipeline.swift; sourceTree = "<group>"; };
		047726567AC061C8D96FD122 /* SourceDetailView.swift */ = {isa = PBXFileReference; lastKnownFileType = sourcecode.swift; path = SourceDetailView.swift; sourceTree = "<group>"; };
		069B1DEB2C910AB7A425B502 /* WebDAVScanner.swift */ = {isa = PBXFileReference; lastKnownFileType = sourcecode.swift; path = WebDAVScanner.swift; sourceTree = "<group>"; };
		05D2A881A6D7451C9125C842 /* MPVPlayerView.swift */ = {isa = PBXFileReference; lastKnownFileType = sourcecode.swift; path = MPVPlayerView.swift; sourceTree = "<group>"; };
		0D6FC2ACFEEF373A064F4711 /* ChannelEditorView.swift */ = {isa = PBXFileReference; lastKnownFileType = sourcecode.swift; path = ChannelEditorView.swift; sourceTree = "<group>"; };
		0DB5977497DBECF41918161E /* NumpadView.swift */ = {isa = PBXFileReference; lastKnownFileType = sourcecode.swift; path = NumpadView.swift; sourceTree = "<group>"; };
		12187516256C4E17A7491BA4 /* ScannerError.swift */ = {isa = PBXFileReference; lastKnownFileType = sourcecode.swift; path = ScannerError.swift; sourceTree = "<group>"; };
		16FE76E0407CDCF21D812C6A /* ChannelsView.swift */ = {isa = PBXFileReference; lastKnownFileType = sourcecode.swift; path = ChannelsView.swift; sourceTree = "<group>"; };
		1FC6DCC40C2494785495C0BD /* AppStore.swift */ = {isa = PBXFileReference; lastKnownFileType = sourcecode.swift; path = AppStore.swift; sourceTree = "<group>"; };
		21D8DACCF1CA2CB0EA9A6C9B /* MediaSource.swift */ = {isa = PBXFileReference; lastKnownFileType = sourcecode.swift; path = MediaSource.swift; sourceTree = "<group>"; };
		22059F8015D99ECD0285091B /* SettingsView.swift */ = {isa = PBXFileReference; lastKnownFileType = sourcecode.swift; path = SettingsView.swift; sourceTree = "<group>"; };
		28A7A274EF76D2F7C75182F1 /* PlaybackCore.swift */ = {isa = PBXFileReference; lastKnownFileType = sourcecode.swift; path = PlaybackCore.swift; sourceTree = "<group>"; };
		2A44AD95AA4EF14716DDA799 /* ColorHex.swift */ = {isa = PBXFileReference; lastKnownFileType = sourcecode.swift; path = ColorHex.swift; sourceTree = "<group>"; };
		2CE6E8D6BB9C1A51762B4F56 /* KidsTV.app */ = {isa = PBXFileReference; includeInIndex = 0; lastKnownFileType = wrapper.application; path = KidsTV.app; sourceTree = BUILT_PRODUCTS_DIR; };
		3A4C42E7FE3AEA7CBA828E6C /* HTTPClient.swift */ = {isa = PBXFileReference; lastKnownFileType = sourcecode.swift; path = HTTPClient.swift; sourceTree = "<group>"; };
		3AB64AAB0DB6FC84C2C2F51B /* AdminRootView.swift */ = {isa = PBXFileReference; lastKnownFileType = sourcecode.swift; path = AdminRootView.swift; sourceTree = "<group>"; };
		3DC19CB2BEAAF0EE1F14A026 /* SourceScanner.swift */ = {isa = PBXFileReference; lastKnownFileType = sourcecode.swift; path = SourceScanner.swift; sourceTree = "<group>"; };
		463BF61CFB40CC0BBE27823F /* AppSettings.swift */ = {isa = PBXFileReference; lastKnownFileType = sourcecode.swift; path = AppSettings.swift; sourceTree = "<group>"; };
		5150C872AED54742D89B120A /* SourcesView.swift */ = {isa = PBXFileReference; lastKnownFileType = sourcecode.swift; path = SourcesView.swift; sourceTree = "<group>"; };
		52F378F8B29F16DAE2ACBA8D /* EmbyScanner.swift */ = {isa = PBXFileReference; lastKnownFileType = sourcecode.swift; path = EmbyScanner.swift; sourceTree = "<group>"; };
		5A260052D357C9FF5D1C41A6 /* PINEntryView.swift */ = {isa = PBXFileReference; lastKnownFileType = sourcecode.swift; path = PINEntryView.swift; sourceTree = "<group>"; };
		63DC45EF849028E142590100 /* AddSourceView.swift */ = {isa = PBXFileReference; lastKnownFileType = sourcecode.swift; path = AddSourceView.swift; sourceTree = "<group>"; };
		66B021F9CA36D6E2D62E30CE /* SMBScanner.swift */ = {isa = PBXFileReference; lastKnownFileType = sourcecode.swift; path = SMBScanner.swift; sourceTree = "<group>"; };
		7BF24BF6F782346776953978 /* KeychainHelper.swift */ = {isa = PBXFileReference; lastKnownFileType = sourcecode.swift; path = KeychainHelper.swift; sourceTree = "<group>"; };
		85A5A2608F08D3831F53B16E /* Secrets.swift */ = {isa = PBXFileReference; lastKnownFileType = sourcecode.swift; path = Secrets.swift; sourceTree = "<group>"; };
		8B4228CC9DD16ECD6EB11F60 /* Info.plist */ = {isa = PBXFileReference; lastKnownFileType = text.plist; path = Info.plist; sourceTree = "<group>"; };
		9120315D4472BB86D09C90D1 /* Localizable.xcstrings */ = {isa = PBXFileReference; lastKnownFileType = text.json.xcstrings; path = Localizable.xcstrings; sourceTree = "<group>"; };
		94EF86CE2958E7982A7508C5 /* BaiduFolderPickerView.swift */ = {isa = PBXFileReference; lastKnownFileType = sourcecode.swift; path = BaiduFolderPickerView.swift; sourceTree = "<group>"; };
		972942F9591126AFF2AC4028 /* VideoListPanel.swift */ = {isa = PBXFileReference; lastKnownFileType = sourcecode.swift; path = VideoListPanel.swift; sourceTree = "<group>"; };
		AB2D060891B6C8B732A4CD86 /* PlaybackState.swift */ = {isa = PBXFileReference; lastKnownFileType = sourcecode.swift; path = PlaybackState.swift; sourceTree = "<group>"; };
		AE413789928BB4D8A1061EC3 /* KidsView.swift */ = {isa = PBXFileReference; lastKnownFileType = sourcecode.swift; path = KidsView.swift; sourceTree = "<group>"; };
		B6DED6638857FDEB168EF4B4 /* JellyfinScanner.swift */ = {isa = PBXFileReference; lastKnownFileType = sourcecode.swift; path = JellyfinScanner.swift; sourceTree = "<group>"; };
		B9A750624BE64EE94DA88C0C /* ChannelHUDView.swift */ = {isa = PBXFileReference; lastKnownFileType = sourcecode.swift; path = ChannelHUDView.swift; sourceTree = "<group>"; };
		BF80F4BD8E7C3FBED69418BD /* KidsTVApp.swift */ = {isa = PBXFileReference; lastKnownFileType = sourcecode.swift; path = KidsTVApp.swift; sourceTree = "<group>"; };
		C66279D007D56778117ACD2A /* Video.swift */ = {isa = PBXFileReference; lastKnownFileType = sourcecode.swift; path = Video.swift; sourceTree = "<group>"; };
		C7479FAC694E425E77283626 /* BaiduPanScanner.swift */ = {isa = PBXFileReference; lastKnownFileType = sourcecode.swift; path = BaiduPanScanner.swift; sourceTree = "<group>"; };
		CF119A354598057AD869D1A5 /* LibraryView.swift */ = {isa = PBXFileReference; lastKnownFileType = sourcecode.swift; path = LibraryView.swift; sourceTree = "<group>"; };
		DAEE4337D857CFE00131ED5F /* AliyunDriveScanner.swift */ = {isa = PBXFileReference; lastKnownFileType = sourcecode.swift; path = AliyunDriveScanner.swift; sourceTree = "<group>"; };
		DBE08F57FFF5E11F21186B86 /* WatchTimeRecord.swift */ = {isa = PBXFileReference; lastKnownFileType = sourcecode.swift; path = WatchTimeRecord.swift; sourceTree = "<group>"; };
		E9C770B9232537802A59D91A /* OAuthManager.swift */ = {isa = PBXFileReference; lastKnownFileType = sourcecode.swift; path = OAuthManager.swift; sourceTree = "<group>"; };
		ED891EE5329FDF53BD0408FB /* AppStore+Persistence.swift */ = {isa = PBXFileReference; lastKnownFileType = sourcecode.swift; path = "AppStore+Persistence.swift"; sourceTree = "<group>"; };
		F1FB5BCDB2CA8AB0514F0BD5 /* VideoPlayerView.swift */ = {isa = PBXFileReference; lastKnownFileType = sourcecode.swift; path = VideoPlayerView.swift; sourceTree = "<group>"; };
		F57C9BF470503ABE9BD67785 /* Pan115Scanner.swift */ = {isa = PBXFileReference; lastKnownFileType = sourcecode.swift; path = Pan115Scanner.swift; sourceTree = "<group>"; };
		FCDCB14FF749846971E69FD1 /* LockScreenView.swift */ = {isa = PBXFileReference; lastKnownFileType = sourcecode.swift; path = LockScreenView.swift; sourceTree = "<group>"; };
		FD4E134B15DADC36142B245C /* Channel.swift */ = {isa = PBXFileReference; lastKnownFileType = sourcecode.swift; path = Channel.swift; sourceTree = "<group>"; };
/* End PBXFileReference section */

/* Begin PBXFrameworksBuildPhase section */
		FE520F867E73232800375C69 /* Frameworks */ = {
			isa = PBXFrameworksBuildPhase;
			buildActionMask = 2147483647;
			files = (
				05C6EBB6A6D6417E9125C842 /* MPVKit in Frameworks */,
			);
			runOnlyForDeploymentPostprocessing = 0;
		};
/* End PBXFrameworksBuildPhase section */

/* Begin PBXGroup section */
		05FDE558A9A79141FF455AFB /* Auth */ = {
			isa = PBXGroup;
			children = (
				7BF24BF6F782346776953978 /* KeychainHelper.swift */,
				E9C770B9232537802A59D91A /* OAuthManager.swift */,
			);
			path = Auth;
			sourceTree = "<group>";
		};
		09D993B68F4213DE9B3CBC7D /* Admin */ = {
			isa = PBXGroup;
			children = (
				3AB64AAB0DB6FC84C2C2F51B /* AdminRootView.swift */,
				5A260052D357C9FF5D1C41A6 /* PINEntryView.swift */,
				B73DE378FAAC0EAB9A486A45 /* Channels */,
				78E1FC0CECA5CCC5888EF0D2 /* Library */,
				1B29F43D265A9615E7B39CA5 /* Settings */,
				4060859188C2B6EBB608152A /* Sources */,
			);
			path = Admin;
			sourceTree = "<group>";
		};
		0AED9655ED518684CCE5489C /* Scanners */ = {
			isa = PBXGroup;
			children = (
				DAEE4337D857CFE00131ED5F /* AliyunDriveScanner.swift */,
				C7479FAC694E425E77283626 /* BaiduPanScanner.swift */,
				52F378F8B29F16DAE2ACBA8D /* EmbyScanner.swift */,
				B6DED6638857FDEB168EF4B4 /* JellyfinScanner.swift */,
				F57C9BF470503ABE9BD67785 /* Pan115Scanner.swift */,
				66B021F9CA36D6E2D62E30CE /* SMBScanner.swift */,
				069B1DEB2C910AB7A425B502 /* WebDAVScanner.swift */,
			);
			path = Scanners;
			sourceTree = "<group>";
		};
		14DE61A6FEE3DAE0A6A26FAC /* KidsTV */ = {
			isa = PBXGroup;
			children = (
				8B4228CC9DD16ECD6EB11F60 /* Info.plist */,
				85A5A2608F08D3831F53B16E /* Secrets.swift */,
				8A3B9C888F875F20E613E79C /* App */,
				2B09AFF9B0B270BCCF90D507 /* Components */,
				B770DA0F974DEC1DECDED76A /* Models */,
				E6A9B0CD0140C01E1359C05D /* Networking */,
				82B23BB3E8C3BD21456AF940 /* Playback */,
				8EF74B9A1675F0DFC050206B /* Persistence */,
				9254E66A3A410F652630095B /* Resources */,
				AC2200410411E0BF83943E84 /* Store */,
				673EE3C4441343881D25D982 /* Views */,
			);
			path = KidsTV;
			sourceTree = "<group>";
		};
		1B29F43D265A9615E7B39CA5 /* Settings */ = {
			isa = PBXGroup;
			children = (
				22059F8015D99ECD0285091B /* SettingsView.swift */,
			);
			path = Settings;
			sourceTree = "<group>";
		};
		2B09AFF9B0B270BCCF90D507 /* Components */ = {
			isa = PBXGroup;
			children = (
				2A44AD95AA4EF14716DDA799 /* ColorHex.swift */,
				0DB5977497DBECF41918161E /* NumpadView.swift */,
			);
			path = Components;
			sourceTree = "<group>";
		};
		3DF76A01955B12209EA5E21A = {
			isa = PBXGroup;
			children = (
				14DE61A6FEE3DAE0A6A26FAC /* KidsTV */,
				42611ACCCE6DECE45E3970B1 /* Frameworks */,
				54F1C98E2E79FDF50E53460B /* Products */,
			);
			sourceTree = "<group>";
		};
		4060859188C2B6EBB608152A /* Sources */ = {
			isa = PBXGroup;
			children = (
				63DC45EF849028E142590100 /* AddSourceView.swift */,
				94EF86CE2958E7982A7508C5 /* BaiduFolderPickerView.swift */,
				047726567AC061C8D96FD122 /* SourceDetailView.swift */,
				5150C872AED54742D89B120A /* SourcesView.swift */,
			);
			path = Sources;
			sourceTree = "<group>";
		};
		42611ACCCE6DECE45E3970B1 /* Frameworks */ = {
			isa = PBXGroup;
			children = (
			);
			name = Frameworks;
			sourceTree = "<group>";
		};
		54F1C98E2E79FDF50E53460B /* Products */ = {
			isa = PBXGroup;
			children = (
				2CE6E8D6BB9C1A51762B4F56 /* KidsTV.app */,
			);
			name = Products;
			sourceTree = "<group>";
		};
		673EE3C4441343881D25D982 /* Views */ = {
			isa = PBXGroup;
			children = (
				09D993B68F4213DE9B3CBC7D /* Admin */,
				77C358B45008D9B135AE919A /* Kids */,
			);
			path = Views;
			sourceTree = "<group>";
		};
		77C358B45008D9B135AE919A /* Kids */ = {
			isa = PBXGroup;
			children = (
				B9A750624BE64EE94DA88C0C /* ChannelHUDView.swift */,
				AE413789928BB4D8A1061EC3 /* KidsView.swift */,
				FCDCB14FF749846971E69FD1 /* LockScreenView.swift */,
				972942F9591126AFF2AC4028 /* VideoListPanel.swift */,
				F1FB5BCDB2CA8AB0514F0BD5 /* VideoPlayerView.swift */,
			);
			path = Kids;
			sourceTree = "<group>";
		};
		78E1FC0CECA5CCC5888EF0D2 /* Library */ = {
			isa = PBXGroup;
			children = (
				CF119A354598057AD869D1A5 /* LibraryView.swift */,
			);
			path = Library;
			sourceTree = "<group>";
		};
		82B23BB3E8C3BD21456AF940 /* Playback */ = {
			isa = PBXGroup;
			children = (
				05D2A881A6D7451C9125C842 /* MPVPlayerView.swift */,
				28A7A274EF76D2F7C75182F1 /* PlaybackCore.swift */,
			);
			path = Playback;
			sourceTree = "<group>";
		};
		8A3B9C888F875F20E613E79C /* App */ = {
			isa = PBXGroup;
			children = (
				BF80F4BD8E7C3FBED69418BD /* KidsTVApp.swift */,
			);
			path = App;
			sourceTree = "<group>";
		};
		8EF74B9A1675F0DFC050206B /* Persistence */ = {
			isa = PBXGroup;
			children = (
				ED891EE5329FDF53BD0408FB /* AppStore+Persistence.swift */,
			);
			path = Persistence;
			sourceTree = "<group>";
		};
		9254E66A3A410F652630095B /* Resources */ = {
			isa = PBXGroup;
			children = (
				9120315D4472BB86D09C90D1 /* Localizable.xcstrings */,
			);
			path = Resources;
			sourceTree = "<group>";
		};
		AC2200410411E0BF83943E84 /* Store */ = {
			isa = PBXGroup;
			children = (
				1FC6DCC40C2494785495C0BD /* AppStore.swift */,
			);
			path = Store;
			sourceTree = "<group>";
		};
		B73DE378FAAC0EAB9A486A45 /* Channels */ = {
			isa = PBXGroup;
			children = (
				0D6FC2ACFEEF373A064F4711 /* ChannelEditorView.swift */,
				16FE76E0407CDCF21D812C6A /* ChannelsView.swift */,
			);
			path = Channels;
			sourceTree = "<group>";
		};
		B770DA0F974DEC1DECDED76A /* Models */ = {
			isa = PBXGroup;
			children = (
				463BF61CFB40CC0BBE27823F /* AppSettings.swift */,
				FD4E134B15DADC36142B245C /* Channel.swift */,
				21D8DACCF1CA2CB0EA9A6C9B /* MediaSource.swift */,
				AB2D060891B6C8B732A4CD86 /* PlaybackState.swift */,
				C66279D007D56778117ACD2A /* Video.swift */,
				DBE08F57FFF5E11F21186B86 /* WatchTimeRecord.swift */,
			);
			path = Models;
			sourceTree = "<group>";
		};
		E6A9B0CD0140C01E1359C05D /* Networking */ = {
			isa = PBXGroup;
			children = (
				04BA3154D6E447E6A4A2AE1F /* BaiduPlaybackPipeline.swift */,
				3A4C42E7FE3AEA7CBA828E6C /* HTTPClient.swift */,
				03F98A4D72D3EF4667B201B0 /* LocalStreamProxy.swift */,
				12187516256C4E17A7491BA4 /* ScannerError.swift */,
				02561301B311778CA7D9BFF8 /* ScannerRegistry.swift */,
				3DC19CB2BEAAF0EE1F14A026 /* SourceScanner.swift */,
				05FDE558A9A79141FF455AFB /* Auth */,
				0AED9655ED518684CCE5489C /* Scanners */,
			);
			path = Networking;
			sourceTree = "<group>";
		};
/* End PBXGroup section */

/* Begin PBXNativeTarget section */
		DDD558A6A666A3E53DCD4CCC /* KidsTV */ = {
			isa = PBXNativeTarget;
			buildConfigurationList = DBC98EB27078F8C3AF6FFD3E /* Build configuration list for PBXNativeTarget "KidsTV" */;
			buildPhases = (
				DA92D2CE799025A65B8C828F /* Sources */,
				9B7BE75AC079BF8F4E39335C /* Resources */,
				FE520F867E73232800375C69 /* Frameworks */,
			);
			buildRules = (
			);
			dependencies = (
			);
			name = KidsTV;
			packageProductDependencies = (
				05C6EBB7A6D6417E9125C842 /* MPVKit */,
			);
			productName = KidsTV;
			productReference = 2CE6E8D6BB9C1A51762B4F56 /* KidsTV.app */;
			productType = "com.apple.product-type.application";
		};
/* End PBXNativeTarget section */

/* Begin PBXProject section */
		D6E727B67348B188DA13B01D /* Project object */ = {
			isa = PBXProject;
			attributes = {
				BuildIndependentTargetsInParallel = YES;
				LastUpgradeCheck = 1430;
				TargetAttributes = {
				};
			};
			buildConfigurationList = 83B0D3E89858E069D1C45673 /* Build configuration list for PBXProject "KidsTV" */;
			developmentRegion = en;
			hasScannedForEncodings = 0;
			knownRegions = (
				Base,
				en,
				zh,
			);
			mainGroup = 3DF76A01955B12209EA5E21A;
			minimizedProjectReferenceProxies = 1;
			packageReferences = (
				05C6EBB8A6D6417E9125C842 /* XCLocalSwiftPackageReference "Vendor/MPVKit" */,
			);
			preferredProjectObjectVersion = 77;
			productRefGroup = 54F1C98E2E79FDF50E53460B /* Products */;
			projectDirPath = "";
			projectRoot = "";
			targets = (
				DDD558A6A666A3E53DCD4CCC /* KidsTV */,
			);
		};
/* End PBXProject section */

/* Begin XCLocalSwiftPackageReference section */
		05C6EBB8A6D6417E9125C842 /* XCLocalSwiftPackageReference "Vendor/MPVKit" */ = {
			isa = XCLocalSwiftPackageReference;
			relativePath = Vendor/MPVKit;
		};
/* End XCLocalSwiftPackageReference section */

/* Begin XCSwiftPackageProductDependency section */
		05C6EBB7A6D6417E9125C842 /* MPVKit */ = {
			isa = XCSwiftPackageProductDependency;
			package = 05C6EBB8A6D6417E9125C842 /* XCLocalSwiftPackageReference "Vendor/MPVKit" */;
			productName = MPVKit;
		};
/* End XCSwiftPackageProductDependency section */

/* Begin PBXResourcesBuildPhase section */
		9B7BE75AC079BF8F4E39335C /* Resources */ = {
			isa = PBXResourcesBuildPhase;
			buildActionMask = 2147483647;
			files = (
				EEBEDCC2BF75A9139293EF0A /* Localizable.xcstrings in Resources */,
			);
			runOnlyForDeploymentPostprocessing = 0;
		};
/* End PBXResourcesBuildPhase section */

/* Begin PBXSourcesBuildPhase section */
		DA92D2CE799025A65B8C828F /* Sources */ = {
			isa = PBXSourcesBuildPhase;
			buildActionMask = 2147483647;
			files = (
				75967F09DD518D66701CAA3A /* AddSourceView.swift in Sources */,
				7E1F1BA69E0D8F95EB7AF687 /* AdminRootView.swift in Sources */,
				58B0D35A8779ADDD6A6FDF1A /* AliyunDriveScanner.swift in Sources */,
				DCEA76943DA694372BC779B2 /* AppSettings.swift in Sources */,
				DB4E14E9511B2AFC8F140EFB /* AppStore+Persistence.swift in Sources */,
				D10E14A205A9FEE009D53EA4 /* AppStore.swift in Sources */,
				04BA3155D6E447E6A4A2AE1F /* BaiduPlaybackPipeline.swift in Sources */,
				56700065B4305E0516C7009D /* BaiduFolderPickerView.swift in Sources */,
				7C96E43178F02A1A917C9612 /* BaiduPanScanner.swift in Sources */,
				81CBAD75841D7B48071A7BBD /* Channel.swift in Sources */,
				180B75B8BD0EEBFCFA438B36 /* ChannelEditorView.swift in Sources */,
				B3E475CE5BACFBC6C0BE7638 /* ChannelHUDView.swift in Sources */,
				71DB3B8EFC1434113E38244E /* ChannelsView.swift in Sources */,
				4C156BCF0FA4B731CFE3F0E0 /* ColorHex.swift in Sources */,
				F06EE9B081E9D2E6BEDEADC7 /* EmbyScanner.swift in Sources */,
				47508EF9A767E2FDADA99812 /* HTTPClient.swift in Sources */,
				037D4BC219EEF3987F784EA9 /* JellyfinScanner.swift in Sources */,
				7889379F02756410CBAECCD4 /* KeychainHelper.swift in Sources */,
				DA5B0F2D6DC7A995D3EC0777 /* KidsTVApp.swift in Sources */,
				634ED785B3E82D28F6D0DDC8 /* KidsView.swift in Sources */,
				98CDEB19B7EAA88FE328F4D0 /* LibraryView.swift in Sources */,
				984D5ADA0C309AFEF5C91E76 /* LocalStreamProxy.swift in Sources */,
				C926C2E19861977E7C0072F1 /* LockScreenView.swift in Sources */,
				0CFE4CE41BFE9866EDD1AB1F /* MediaSource.swift in Sources */,
				8A58FB8573519C3DEB82AA90 /* NumpadView.swift in Sources */,
				7A9F5D16116752BFE958C881 /* OAuthManager.swift in Sources */,
				E7907B787FD923CFD6F8BFFF /* PINEntryView.swift in Sources */,
				75F95CDBC26C8A58BEC9B404 /* Pan115Scanner.swift in Sources */,
				1B493DFD5FEF613D309517FF /* PlaybackState.swift in Sources */,
				050A9227B0F39B74A6E39511 /* PlaybackCore.swift in Sources */,
				05D2A882A6D7451C9125C842 /* MPVPlayerView.swift in Sources */,
				4B9F41870B91F9E926AB73AB /* SMBScanner.swift in Sources */,
				ECCC000AD28C21A512CF448B /* ScannerError.swift in Sources */,
				75CE5EBD16A0E829ACEA9F13 /* ScannerRegistry.swift in Sources */,
				41EAF0204740719F0FB49118 /* Secrets.swift in Sources */,
				2D51C2EDA0C664B4C26DF186 /* SettingsView.swift in Sources */,
				91685FEECD47011AC62F9152 /* SourceDetailView.swift in Sources */,
				7CFF14431556D68B12814243 /* SourceScanner.swift in Sources */,
				A7D9788C054BB74ADB2D1651 /* SourcesView.swift in Sources */,
				4B377BE9BD8CC74F22992F91 /* Video.swift in Sources */,
				5693381DA1546815F9E46E57 /* VideoListPanel.swift in Sources */,
				067133F6903E5DF91213B1FD /* VideoPlayerView.swift in Sources */,
				04ED499CC4ACEE20B152BF0D /* WatchTimeRecord.swift in Sources */,
				05221FE5DB9576FBFB376F40 /* WebDAVScanner.swift in Sources */,
			);
			runOnlyForDeploymentPostprocessing = 0;
		};
/* End PBXSourcesBuildPhase section */

/* Begin XCBuildConfiguration section */
		2475FE8B413D55889CE4E93E /* Debug */ = {
			isa = XCBuildConfiguration;
			buildSettings = {
				ASSETCATALOG_COMPILER_APPICON_NAME = AppIcon;
				CODE_SIGN_IDENTITY = "iPhone Developer";
				FRAMEWORK_SEARCH_PATHS = (
					"$(inherited)",
					"\"Frameworks\"",
				);
				INFOPLIST_FILE = KidsTV/Info.plist;
				LD_RUNPATH_SEARCH_PATHS = (
					"$(inherited)",
					"@executable_path/Frameworks",
				);
				PRODUCT_BUNDLE_IDENTIFIER = com.koetv.KidsTV;
				SDKROOT = iphoneos;
				TARGETED_DEVICE_FAMILY = "1,2";
			};
			name = Debug;
		};
		28FA59EA9F7A085BD1538843 /* Release */ = {
			isa = XCBuildConfiguration;
			buildSettings = {
				ASSETCATALOG_COMPILER_APPICON_NAME = AppIcon;
				CODE_SIGN_IDENTITY = "iPhone Developer";
				FRAMEWORK_SEARCH_PATHS = (
					"$(inherited)",
					"\"Frameworks\"",
				);
				INFOPLIST_FILE = KidsTV/Info.plist;
				LD_RUNPATH_SEARCH_PATHS = (
					"$(inherited)",
					"@executable_path/Frameworks",
				);
				PRODUCT_BUNDLE_IDENTIFIER = com.koetv.KidsTV;
				SDKROOT = iphoneos;
				TARGETED_DEVICE_FAMILY = "1,2";
			};
			name = Release;
		};
		8D3912C9A13F1C1AF46592EC /* Debug */ = {
			isa = XCBuildConfiguration;
			buildSettings = {
				ALWAYS_SEARCH_USER_PATHS = NO;
				CLANG_ANALYZER_NONNULL = YES;
				CLANG_ANALYZER_NUMBER_OBJECT_CONVERSION = YES_AGGRESSIVE;
				CLANG_CXX_LANGUAGE_STANDARD = "gnu++14";
				CLANG_CXX_LIBRARY = "libc++";
				CLANG_ENABLE_MODULES = YES;
				CLANG_ENABLE_OBJC_ARC = YES;
				CLANG_ENABLE_OBJC_WEAK = YES;
				CLANG_WARN_BLOCK_CAPTURE_AUTORELEASING = YES;
				CLANG_WARN_BOOL_CONVERSION = YES;
				CLANG_WARN_COMMA = YES;
				CLANG_WARN_CONSTANT_CONVERSION = YES;
				CLANG_WARN_DEPRECATED_OBJC_IMPLEMENTATIONS = YES;
				CLANG_WARN_DIRECT_OBJC_ISA_USAGE = YES_ERROR;
				CLANG_WARN_DOCUMENTATION_COMMENTS = YES;
				CLANG_WARN_EMPTY_BODY = YES;
				CLANG_WARN_ENUM_CONVERSION = YES;
				CLANG_WARN_INFINITE_RECURSION = YES;
				CLANG_WARN_INT_CONVERSION = YES;
				CLANG_WARN_NON_LITERAL_NULL_CONVERSION = YES;
				CLANG_WARN_OBJC_IMPLICIT_RETAIN_SELF = YES;
				CLANG_WARN_OBJC_LITERAL_CONVERSION = YES;
				CLANG_WARN_OBJC_ROOT_CLASS = YES_ERROR;
				CLANG_WARN_QUOTED_INCLUDE_IN_FRAMEWORK_HEADER = YES;
				CLANG_WARN_RANGE_LOOP_ANALYSIS = YES;
				CLANG_WARN_STRICT_PROTOTYPES = YES;
				CLANG_WARN_SUSPICIOUS_MOVE = YES;
				CLANG_WARN_UNGUARDED_AVAILABILITY = YES_AGGRESSIVE;
				CLANG_WARN_UNREACHABLE_CODE = YES;
				CLANG_WARN__DUPLICATE_METHOD_MATCH = YES;
				COPY_PHASE_STRIP = NO;
				DEBUG_INFORMATION_FORMAT = dwarf;
				ENABLE_STRICT_OBJC_MSGSEND = YES;
				ENABLE_TESTABILITY = YES;
				GCC_C_LANGUAGE_STANDARD = gnu11;
				GCC_DYNAMIC_NO_PIC = NO;
				GCC_NO_COMMON_BLOCKS = YES;
				GCC_OPTIMIZATION_LEVEL = 0;
				GCC_PREPROCESSOR_DEFINITIONS = (
					"$(inherited)",
					"DEBUG=1",
				);
				GCC_WARN_64_TO_32_BIT_CONVERSION = YES;
				GCC_WARN_ABOUT_RETURN_TYPE = YES_ERROR;
				GCC_WARN_UNDECLARED_SELECTOR = YES;
				GCC_WARN_UNINITIALIZED_AUTOS = YES_AGGRESSIVE;
				GCC_WARN_UNUSED_FUNCTION = YES;
				GCC_WARN_UNUSED_VARIABLE = YES;
				IPHONEOS_DEPLOYMENT_TARGET = 17.0;
				MTL_ENABLE_DEBUG_INFO = INCLUDE_SOURCE;
				MTL_FAST_MATH = YES;
				ONLY_ACTIVE_ARCH = YES;
				PRODUCT_NAME = "$(TARGET_NAME)";
				SDKROOT = iphoneos;
				SUPPORTS_MACCATALYST = NO;
				SWIFT_ACTIVE_COMPILATION_CONDITIONS = DEBUG;
				SWIFT_OPTIMIZATION_LEVEL = "-Onone";
				SWIFT_VERSION = 5.10;
				TARGETED_DEVICE_FAMILY = "1,2";
			};
			name = Debug;
		};
		DFD897F8ABFCEBB7CA4CF5B9 /* Release */ = {
			isa = XCBuildConfiguration;
			buildSettings = {
				ALWAYS_SEARCH_USER_PATHS = NO;
				CLANG_ANALYZER_NONNULL = YES;
				CLANG_ANALYZER_NUMBER_OBJECT_CONVERSION = YES_AGGRESSIVE;
				CLANG_CXX_LANGUAGE_STANDARD = "gnu++14";
				CLANG_CXX_LIBRARY = "libc++";
				CLANG_ENABLE_MODULES = YES;
				CLANG_ENABLE_OBJC_ARC = YES;
				CLANG_ENABLE_OBJC_WEAK = YES;
				CLANG_WARN_BLOCK_CAPTURE_AUTORELEASING = YES;
				CLANG_WARN_BOOL_CONVERSION = YES;
				CLANG_WARN_COMMA = YES;
				CLANG_WARN_CONSTANT_CONVERSION = YES;
				CLANG_WARN_DEPRECATED_OBJC_IMPLEMENTATIONS = YES;
				CLANG_WARN_DIRECT_OBJC_ISA_USAGE = YES_ERROR;
				CLANG_WARN_DOCUMENTATION_COMMENTS = YES;
				CLANG_WARN_EMPTY_BODY = YES;
				CLANG_WARN_ENUM_CONVERSION = YES;
				CLANG_WARN_INFINITE_RECURSION = YES;
				CLANG_WARN_INT_CONVERSION = YES;
				CLANG_WARN_NON_LITERAL_NULL_CONVERSION = YES;
				CLANG_WARN_OBJC_IMPLICIT_RETAIN_SELF = YES;
				CLANG_WARN_OBJC_LITERAL_CONVERSION = YES;
				CLANG_WARN_OBJC_ROOT_CLASS = YES_ERROR;
				CLANG_WARN_QUOTED_INCLUDE_IN_FRAMEWORK_HEADER = YES;
				CLANG_WARN_RANGE_LOOP_ANALYSIS = YES;
				CLANG_WARN_STRICT_PROTOTYPES = YES;
				CLANG_WARN_SUSPICIOUS_MOVE = YES;
				CLANG_WARN_UNGUARDED_AVAILABILITY = YES_AGGRESSIVE;
				CLANG_WARN_UNREACHABLE_CODE = YES;
				CLANG_WARN__DUPLICATE_METHOD_MATCH = YES;
				COPY_PHASE_STRIP = NO;
				DEBUG_INFORMATION_FORMAT = "dwarf-with-dsym";
				ENABLE_NS_ASSERTIONS = NO;
				ENABLE_STRICT_OBJC_MSGSEND = YES;
				GCC_C_LANGUAGE_STANDARD = gnu11;
				GCC_NO_COMMON_BLOCKS = YES;
				GCC_WARN_64_TO_32_BIT_CONVERSION = YES;
				GCC_WARN_ABOUT_RETURN_TYPE = YES_ERROR;
				GCC_WARN_UNDECLARED_SELECTOR = YES;
				GCC_WARN_UNINITIALIZED_AUTOS = YES_AGGRESSIVE;
				GCC_WARN_UNUSED_FUNCTION = YES;
				GCC_WARN_UNUSED_VARIABLE = YES;
				IPHONEOS_DEPLOYMENT_TARGET = 17.0;
				MTL_ENABLE_DEBUG_INFO = NO;
				MTL_FAST_MATH = YES;
				PRODUCT_NAME = "$(TARGET_NAME)";
				SDKROOT = iphoneos;
				SUPPORTS_MACCATALYST = NO;
				SWIFT_COMPILATION_MODE = wholemodule;
				SWIFT_OPTIMIZATION_LEVEL = "-O";
				SWIFT_VERSION = 5.10;
				TARGETED_DEVICE_FAMILY = "1,2";
			};
			name = Release;
		};
/* End XCBuildConfiguration section */

/* Begin XCConfigurationList section */
		83B0D3E89858E069D1C45673 /* Build configuration list for PBXProject "KidsTV" */ = {
			isa = XCConfigurationList;
			buildConfigurations = (
				8D3912C9A13F1C1AF46592EC /* Debug */,
				DFD897F8ABFCEBB7CA4CF5B9 /* Release */,
			);
			defaultConfigurationIsVisible = 0;
			defaultConfigurationName = Debug;
		};
		DBC98EB27078F8C3AF6FFD3E /* Build configuration list for PBXNativeTarget "KidsTV" */ = {
			isa = XCConfigurationList;
			buildConfigurations = (
				2475FE8B413D55889CE4E93E /* Debug */,
				28FA59EA9F7A085BD1538843 /* Release */,
			);
			defaultConfigurationIsVisible = 0;
			defaultConfigurationName = Debug;
		};
/* End XCConfigurationList section */
	};
	rootObject = D6E727B67348B188DA13B01D /* Project object */;
}
